// !$*UTF8*$!
{
	archiveVersion = 1;
	classes = {
	};
	objectVersion = 50;
	objects = {

/* Begin PBXBuildFile section */
		DA88A0F12589F83C003A4353 /* EditingPage.swift in Sources */ = {isa = PBXBuildFile; fileRef = DA88A0F02589F83C003A4353 /* EditingPage.swift */; };
		DACE45712589D8BE00A7788A /* ToDoListApp.swift in Sources */ = {isa = PBXBuildFile; fileRef = DACE45702589D8BE00A7788A /* ToDoListApp.swift */; };
		DACE45732589D8BE00A7788A /* ContentView.swift in Sources */ = {isa = PBXBuildFile; fileRef = DACE45722589D8BE00A7788A /* ContentView.swift */; };
		DACE45752589D8BF00A7788A /* Assets.xcassets in Resources */ = {isa = PBXBuildFile; fileRef = DACE45742589D8BF00A7788A /* Assets.xcassets */; };
		DACE45782589D8BF00A7788A /* Preview Assets.xcassets in Resources */ = {isa = PBXBuildFile; fileRef = DACE45772589D8BF00A7788A /* Preview Assets.xcassets */; };
		DACE45832589D8BF00A7788A /* ToDoListTests.swift in Sources */ = {isa = PBXBuildFile; fileRef = DACE45822589D8BF00A7788A /* ToDoListTests.swift */; };
		DACE458E2589D8BF00A7788A /* ToDoListUITests.swift in Sources */ = {isa = PBXBuildFile; fileRef = DACE458D2589D8BF00A7788A /* ToDoListUITests.swift */; };
		DACE459F2589DE1C00A7788A /* UserData.swift in Sources */ = {isa = PBXBuildFile; fileRef = DACE459E2589DE1C00A7788A /* UserData.swift */; };
/* End PBXBuildFile section */

/* Begin PBXContainerItemProxy section */
		DACE457F2589D8BF00A7788A /* PBXContainerItemProxy */ = {
			isa = PBXContainerItemProxy;
			containerPortal = DACE45652589D8BE00A7788A /* Project object */;
			proxyType = 1;
			remoteGlobalIDString = DACE456C2589D8BE00A7788A;
			remoteInfo = ToDoList;
		};
		DACE458A2589D8BF00A7788A /* PBXContainerItemProxy */ = {
			isa = PBXContainerItemProxy;
			containerPortal = DACE45652589D8BE00A7788A /* Project object */;
			proxyType = 1;
			remoteGlobalIDString = DACE456C2589D8BE00A7788A;
			remoteInfo = ToDoList;
		};
/* End PBXContainerItemProxy section */

/* Begin PBXFileReference section */
		DA88A0F02589F83C003A4353 /* EditingPage.swift */ = {isa = PBXFileReference; lastKnownFileType = sourcecode.swift; path = EditingPage.swift; sourceTree = "<group>"; };
		DACE456D2589D8BE00A7788A /* ToDoList.app */ = {isa = PBXFileReference; explicitFileType = wrapper.application; includeInIndex = 0; path = ToDoList.app; sourceTree = BUILT_PRODUCTS_DIR; };
		DACE45702589D8BE00A7788A /* ToDoListApp.swift */ = {isa = PBXFileReference; lastKnownFileType = sourcecode.swift; path = ToDoListApp.swift; sourceTree = "<group>"; };
		DACE45722589D8BE00A7788A /* ContentView.swift */ = {isa = PBXFileReference; lastKnownFileType = sourcecode.swift; path = ContentView.swift; sourceTree = "<group>"; };
		DACE45742589D8BF00A7788A /* Assets.xcassets */ = {isa = PBXFileReference; lastKnownFileType = folder.assetcatalog; path = Assets.xcassets; sourceTree = "<group>"; };
		DACE45772589D8BF00A7788A /* Preview Assets.xcassets */ = {isa = PBXFileReference; lastKnownFileType = folder.assetcatalog; path = "Preview Assets.xcassets"; sourceTree = "<group>"; };
		DACE45792589D8BF00A7788A /* Info.plist */ = {isa = PBXFileReference; lastKnownFileType = text.plist.xml; path = Info.plist; sourceTree = "<group>"; };
		DACE457E2589D8BF00A7788A /* ToDoListTests.xctest */ = {isa = PBXFileReference; explicitFileType = wrapper.cfbundle; includeInIndex = 0; path = ToDoListTests.xctest; sourceTree = BUILT_PRODUCTS_DIR; };
		DACE45822589D8BF00A7788A /* ToDoListTests.swift */ = {isa = PBXFileReference; lastKnownFileType = sourcecode.swift; path = ToDoListTests.swift; sourceTree = "<group>"; };
		DACE45842589D8BF00A7788A /* Info.plist */ = {isa = PBXFileReference; lastKnownFileType = text.plist.xml; path = Info.plist; sourceTree = "<group>"; };
		DACE45892589D8BF00A7788A /* ToDoListUITests.xctest */ = {isa = PBXFileReference; explicitFileType = wrapper.cfbundle; includeInIndex = 0; path = ToDoListUITests.xctest; sourceTree = BUILT_PRODUCTS_DIR; };
		DACE458D2589D8BF00A7788A /* ToDoListUITests.swift */ = {isa = PBXFileReference; lastKnownFileType = sourcecode.swift; path = ToDoListUITests.swift; sourceTree = "<group>"; };
		DACE458F2589D8BF00A7788A /* Info.plist */ = {isa = PBXFileReference; lastKnownFileType = text.plist.xml; path = Info.plist; sourceTree = "<group>"; };
		DACE459E2589DE1C00A7788A /* UserData.swift */ = {isa = PBXFileReference; lastKnownFileType = sourcecode.swift; path = UserData.swift; sourceTree = "<group>"; };
/* End PBXFileReference section */

/* Begin PBXFrameworksBuildPhase section */
		DACE456A2589D8BE00A7788A /* Frameworks */ = {
			isa = PBXFrameworksBuildPhase;
			buildActionMask = 2147483647;
			files = (
			);
			runOnlyForDeploymentPostprocessing = 0;
		};
		DACE457B2589D8BF00A7788A /* Frameworks */ = {
			isa = PBXFrameworksBuildPhase;
			buildActionMask = 2147483647;
			files = (
			);
			runOnlyForDeploymentPostprocessing = 0;
		};
		DACE45862589D8BF00A7788A /* Frameworks */ = {
			isa = PBXFrameworksBuildPhase;
			buildActionMask = 2147483647;
			files = (
			);
			runOnlyForDeploymentPostprocessing = 0;
		};
/* End PBXFrameworksBuildPhase section */

/* Begin PBXGroup section */
		DACE45642589D8BE00A7788A = {
			isa = PBXGroup;
			children = (
				DACE456F2589D8BE00A7788A /* ToDoList */,
				DACE45812589D8BF00A7788A /* ToDoListTests */,
				DACE458C2589D8BF00A7788A /* ToDoListUITests */,
				DACE456E2589D8BE00A7788A /* Products */,
			);
			sourceTree = "<group>";
		};
		DACE456E2589D8BE00A7788A /* Products */ = {
			isa = PBXGroup;
			children = (
				DACE456D2589D8BE00A7788A /* ToDoList.app */,
				DACE457E2589D8BF00A7788A /* ToDoListTests.xctest */,
				DACE45892589D8BF00A7788A /* ToDoListUITests.xctest */,
			);
			name = Products;
			sourceTree = "<group>";
		};
		DACE456F2589D8BE00A7788A /* ToDoList */ = {
			isa = PBXGroup;
			children = (
				DACE45702589D8BE00A7788A /* ToDoListApp.swift */,
				DACE45722589D8BE00A7788A /* ContentView.swift */,
				DACE459E2589DE1C00A7788A /* UserData.swift */,
				DA88A0F02589F83C003A4353 /* EditingPage.swift */,
				DACE45742589D8BF00A7788A /* Assets.xcassets */,
				DACE45792589D8BF00A7788A /* Info.plist */,
				DACE45762589D8BF00A7788A /* Preview Content */,
			);
			path = ToDoList;
			sourceTree = "<group>";
		};
		DACE45762589D8BF00A7788A /* Preview Content */ = {
			isa = PBXGroup;
			children = (
				DACE45772589D8BF00A7788A /* Preview Assets.xcassets */,
			);
			path = "Preview Content";
			sourceTree = "<group>";
		};
		DACE45812589D8BF00A7788A /* ToDoListTests */ = {
			isa = PBXGroup;
			children = (
				DACE45822589D8BF00A7788A /* ToDoListTests.swift */,
				DACE45842589D8BF00A7788A /* Info.plist */,
			);
			path = ToDoListTests;
			sourceTree = "<group>";
		};
		DACE458C2589D8BF00A7788A /* ToDoListUITests */ = {
			isa = PBXGroup;
			children = (
				DACE458D2589D8BF00A7788A /* ToDoListUITests.swift */,
				DACE458F2589D8BF00A7788A /* Info.plist */,
			);
			path = ToDoListUITests;
			sourceTree = "<group>";
		};
/* End PBXGroup section */

/* Begin PBXNativeTarget section */
		DACE456C2589D8BE00A7788A /* ToDoList */ = {
			isa = PBXNativeTarget;
			buildConfigurationList = DACE45922589D8BF00A7788A /* Build configuration list for PBXNativeTarget "ToDoList" */;
			buildPhases = (
				DACE45692589D8BE00A7788A /* Sources */,
				DACE456A2589D8BE00A7788A /* Frameworks */,
				DACE456B2589D8BE00A7788A /* Resources */,
			);
			buildRules = (
			);
			dependencies = (
			);
			name = ToDoList;
			productName = ToDoList;
			productReference = DACE456D2589D8BE00A7788A /* ToDoList.app */;
			productType = "com.apple.product-type.application";
		};
		DACE457D2589D8BF00A7788A /* ToDoListTests */ = {
			isa = PBXNativeTarget;
			buildConfigurationList = DACE45952589D8BF00A7788A /* Build configuration list for PBXNativeTarget "ToDoListTests" */;
			buildPhases = (
				DACE457A2589D8BF00A7788A /* Sources */,
				DACE457B2589D8BF00A7788A /* Frameworks */,
				DACE457C2589D8BF00A7788A /* Resources */,
			);
			buildRules = (
			);
			dependencies = (
				DACE45802589D8BF00A7788A /* PBXTargetDependency */,
			);
			name = ToDoListTests;
			productName = ToDoListTests;
			productReference = DACE457E2589D8BF00A7788A /* ToDoListTests.xctest */;
			productType = "com.apple.product-type.bundle.unit-test";
		};
		DACE45882589D8BF00A7788A /* ToDoListUITests */ = {
			isa = PBXNativeTarget;
			buildConfigurationList = DACE45982589D8BF00A7788A /* Build configuration list for PBXNativeTarget "ToDoListUITests" */;
			buildPhases = (
				DACE45852589D8BF00A7788A /* Sources */,
				DACE45862589D8BF00A7788A /* Frameworks */,
				DACE45872589D8BF00A7788A /* Resources */,
			);
			buildRules = (
			);
			dependencies = (
				DACE458B2589D8BF00A7788A /* PBXTargetDependency */,
			);
			name = ToDoListUITests;
			productName = ToDoListUITests;
			productReference = DACE45892589D8BF00A7788A /* ToDoListUITests.xctest */;
			productType = "com.apple.product-type.bundle.ui-testing";
		};
/* End PBXNativeTarget section */

/* Begin PBXProject section */
		DACE45652589D8BE00A7788A /* Project object */ = {
			isa = PBXProject;
			attributes = {
				LastSwiftUpdateCheck = 1230;
				LastUpgradeCheck = 1230;
				TargetAttributes = {
					DACE456C2589D8BE00A7788A = {
						CreatedOnToolsVersion = 12.3;
					};
					DACE457D2589D8BF00A7788A = {
						CreatedOnToolsVersion = 12.3;
						TestTargetID = DACE456C2589D8BE00A7788A;
					};
					DACE45882589D8BF00A7788A = {
						CreatedOnToolsVersion = 12.3;
						TestTargetID = DACE456C2589D8BE00A7788A;
					};
				};
			};
			buildConfigurationList = DACE45682589D8BE00A7788A /* Build configuration list for PBXProject "ToDoList" */;
			compatibilityVersion = "Xcode 9.3";
			developmentRegion = en;
			hasScannedForEncodings = 0;
			knownRegions = (
				en,
				Base,
			);
			mainGroup = DACE45642589D8BE00A7788A;
			productRefGroup = DACE456E2589D8BE00A7788A /* Products */;
			projectDirPath = "";
			projectRoot = "";
			targets = (
				DACE456C2589D8BE00A7788A /* ToDoList */,
				DACE457D2589D8BF00A7788A /* ToDoListTests */,
				DACE45882589D8BF00A7788A /* ToDoListUITests */,
			);
		};
/* End PBXProject section */

/* Begin PBXResourcesBuildPhase section */
		DACE456B2589D8BE00A7788A /* Resources */ = {
			isa = PBXResourcesBuildPhase;
			buildActionMask = 2147483647;
			files = (
				DACE45782589D8BF00A7788A /* Preview Assets.xcassets in Resources */,
				DACE45752589D8BF00A7788A /* Assets.xcassets in Resources */,
			);
			runOnlyForDeploymentPostprocessing = 0;
		};
		DACE457C2589D8BF00A7788A /* Resources */ = {
			isa = PBXResourcesBuildPhase;
			buildActionMask = 2147483647;
			files = (
			);
			runOnlyForDeploymentPostprocessing = 0;
		};
		DACE45872589D8BF00A7788A /* Resources */ = {
			isa = PBXResourcesBuildPhase;
			buildActionMask = 2147483647;
			files = (
			);
			runOnlyForDeploymentPostprocessing = 0;
		};
/* End PBXResourcesBuildPhase section */

/* Begin PBXSourcesBuildPhase section */
		DACE45692589D8BE00A7788A /* Sources */ = {
			isa = PBXSourcesBuildPhase;
			buildActionMask = 2147483647;
			files = (
				DACE459F2589DE1C00A7788A /* UserData.swift in Sources */,
				DA88A0F12589F83C003A4353 /* EditingPage.swift in Sources */,
				DACE45732589D8BE00A7788A /* ContentView.swift in Sources */,
				DACE45712589D8BE00A7788A /* ToDoListApp.swift in Sources */,
			);
			runOnlyForDeploymentPostprocessing = 0;
		};
		DACE457A2589D8BF00A7788A /* Sources */ = {
			isa = PBXSourcesBuildPhase;
			buildActionMask = 2147483647;
			files = (
				DACE45832589D8BF00A7788A /* ToDoListTests.swift in Sources */,
			);
			runOnlyForDeploymentPostprocessing = 0;
		};
		DACE45852589D8BF00A7788A /* Sources */ = {
			isa = PBXSourcesBuildPhase;
			buildActionMask = 2147483647;
			files = (
				DACE458E2589D8BF00A7788A /* ToDoListUITests.swift in Sources */,
			);
			runOnlyForDeploymentPostprocessing = 0;
		};
/* End PBXSourcesBuildPhase section */

/* Begin PBXTargetDependency section */
		DACE45802589D8BF00A7788A /* PBXTargetDependency */ = {
			isa = PBXTargetDependency;
			target = DACE456C2589D8BE00A7788A /* ToDoList */;
			targetProxy = DACE457F2589D8BF00A7788A /* PBXContainerItemProxy */;
		};
		DACE458B2589D8BF00A7788A /* PBXTargetDependency */ = {
			isa = PBXTargetDependency;
			target = DACE456C2589D8BE00A7788A /* ToDoList */;
			targetProxy = DACE458A2589D8BF00A7788A /* PBXContainerItemProxy */;
		};
/* End PBXTargetDependency section */

/* Begin XCBuildConfiguration section */
		DACE45902589D8BF00A7788A /* Debug */ = {
			isa = XCBuildConfiguration;
			buildSettings = {
				ALWAYS_SEARCH_USER_PATHS = NO;
				CLANG_ANALYZER_NONNULL = YES;
				CLANG_ANALYZER_NUMBER_OBJECT_CONVERSION = YES_AGGRESSIVE;
				CLANG_CXX_LANGUAGE_STANDARD = "gnu++14";
				CLANG_CXX_LIBRARY = "libc++";
				CLANG_ENABLE_MODULES = YES;
				CLANG_ENABLE_OBJC_ARC = YES;
				CLANG_ENABLE_OBJC_WEAK = YES;
				CLANG_WARN_BLOCK_CAPTURE_AUTORELEASING = YES;
				CLANG_WARN_BOOL_CONVERSION = YES;
				CLANG_WARN_COMMA = YES;
				CLANG_WARN_CONSTANT_CONVERSION = YES;
				CLANG_WARN_DEPRECATED_OBJC_IMPLEMENTATIONS = YES;
				CLANG_WARN_DIRECT_OBJC_ISA_USAGE = YES_ERROR;
				CLANG_WARN_DOCUMENTATION_COMMENTS = YES;
				CLANG_WARN_EMPTY_BODY = YES;
				CLANG_WARN_ENUM_CONVERSION = YES;
				CLANG_WARN_INFINITE_RECURSION = YES;
				CLANG_WARN_INT_CONVERSION = YES;
				CLANG_WARN_NON_LITERAL_NULL_CONVERSION = YES;
				CLANG_WARN_OBJC_IMPLICIT_RETAIN_SELF = YES;
				CLANG_WARN_OBJC_LITERAL_CONVERSION = YES;
				CLANG_WARN_OBJC_ROOT_CLASS = YES_ERROR;
				CLANG_WARN_QUOTED_INCLUDE_IN_FRAMEWORK_HEADER = YES;
				CLANG_WARN_RANGE_LOOP_ANALYSIS = YES;
				CLANG_WARN_STRICT_PROTOTYPES = YES;
				CLANG_WARN_SUSPICIOUS_MOVE = YES;
				CLANG_WARN_UNGUARDED_AVAILABILITY = YES_AGGRESSIVE;
				CLANG_WARN_UNREACHABLE_CODE = YES;
				CLANG_WARN__DUPLICATE_METHOD_MATCH = YES;
				COPY_PHASE_STRIP = NO;
				DEBUG_INFORMATION_FORMAT = dwarf;
				ENABLE_STRICT_OBJC_MSGSEND = YES;
				ENABLE_TESTABILITY = YES;
				GCC_C_LANGUAGE_STANDARD = gnu11;
				GCC_DYNAMIC_NO_PIC = NO;
				GCC_NO_COMMON_BLOCKS = YES;
				GCC_OPTIMIZATION_LEVEL = 0;
				GCC_PREPROCESSOR_DEFINITIONS = (
					"DEBUG=1",
					"$(inherited)",
				);
				GCC_WARN_64_TO_32_BIT_CONVERSION = YES;
				GCC_WARN_ABOUT_RETURN_TYPE = YES_ERROR;
				GCC_WARN_UNDECLARED_SELECTOR = YES;
				GCC_WARN_UNINITIALIZED_AUTOS = YES_AGGRESSIVE;
				GCC_WARN_UNUSED_FUNCTION = YES;
				GCC_WARN_UNUSED_VARIABLE = YES;
				IPHONEOS_DEPLOYMENT_TARGET = 14.3;
				MTL_ENABLE_DEBUG_INFO = INCLUDE_SOURCE;
				MTL_FAST_MATH = YES;
				ONLY_ACTIVE_ARCH = YES;
				SDKROOT = iphoneos;
				SWIFT_ACTIVE_COMPILATION_CONDITIONS = DEBUG;
				SWIFT_OPTIMIZATION_LEVEL = "-Onone";
			};
			name = Debug;
		};
		DACE45912589D8BF00A7788A /* Release */ = {
			isa = XCBuildConfiguration;
			buildSettings = {
				ALWAYS_SEARCH_USER_PATHS = NO;
				CLANG_ANALYZER_NONNULL = YES;
				CLANG_ANALYZER_NUMBER_OBJECT_CONVERSION = YES_AGGRESSIVE;
				CLANG_CXX_LANGUAGE_STANDARD = "gnu++14";
				CLANG_CXX_LIBRARY = "libc++";
				CLANG_ENABLE_MODULES = YES;
				CLANG_ENABLE_OBJC_ARC = YES;
				CLANG_ENABLE_OBJC_WEAK = YES;
				CLANG_WARN_BLOCK_CAPTURE_AUTORELEASING = YES;
				CLANG_WARN_BOOL_CONVERSION = YES;
				CLANG_WARN_COMMA = YES;
				CLANG_WARN_CONSTANT_CONVERSION = YES;
				CLANG_WARN_DEPRECATED_OBJC_IMPLEMENTATIONS = YES;
				CLANG_WARN_DIRECT_OBJC_ISA_USAGE = YES_ERROR;
				CLANG_WARN_DOCUMENTATION_COMMENTS = YES;
				CLANG_WARN_EMPTY_BODY = YES;
				CLANG_WARN_ENUM_CONVERSION = YES;
				CLANG_WARN_INFINITE_RECURSION = YES;
				CLANG_WARN_INT_CONVERSION = YES;
				CLANG_WARN_NON_LITERAL_NULL_CONVERSION = YES;
				CLANG_WARN_OBJC_IMPLICIT_RETAIN_SELF = YES;
				CLANG_WARN_OBJC_LITERAL_CONVERSION = YES;
				CLANG_WARN_OBJC_ROOT_CLASS = YES_ERROR;
				CLANG_WARN_QUOTED_INCLUDE_IN_FRAMEWORK_HEADER = YES;
				CLANG_WARN_RANGE_LOOP_ANALYSIS = YES;
				CLANG_WARN_STRICT_PROTOTYPES = YES;
				CLANG_WARN_SUSPICIOUS_MOVE = YES;
				CLANG_WARN_UNGUARDED_AVAILABILITY = YES_AGGRESSIVE;
				CLANG_WARN_UNREACHABLE_CODE = YES;
				CLANG_WARN__DUPLICATE_METHOD_MATCH = YES;
				COPY_PHASE_STRIP = NO;
				DEBUG_INFORMATION_FORMAT = "dwarf-with-dsym";
				ENABLE_NS_ASSERTIONS = NO;
				ENABLE_STRICT_OBJC_MSGSEND = YES;
				GCC_C_LANGUAGE_STANDARD = gnu11;
				GCC_NO_COMMON_BLOCKS = YES;
				GCC_WARN_64_TO_32_BIT_CONVERSION = YES;
				GCC_WARN_ABOUT_RETURN_TYPE = YES_ERROR;
				GCC_WARN_UNDECLARED_SELECTOR = YES;
				GCC_WARN_UNINITIALIZED_AUTOS = YES_AGGRESSIVE;
				GCC_WARN_UNUSED_FUNCTION = YES;
				GCC_WARN_UNUSED_VARIABLE = YES;
				IPHONEOS_DEPLOYMENT_TARGET = 14.3;
				MTL_ENABLE_DEBUG_INFO = NO;
				MTL_FAST_MATH = YES;
				SDKROOT = iphoneos;
				SWIFT_COMPILATION_MODE = wholemodule;
				SWIFT_OPTIMIZATION_LEVEL = "-O";
				VALIDATE_PRODUCT = YES;
			};
			name = Release;
		};
		DACE45932589D8BF00A7788A /* Debug */ = {
			isa = XCBuildConfiguration;
			buildSettings = {
				ASSETCATALOG_COMPILER_APPICON_NAME = AppIcon;
				ASSETCATALOG_COMPILER_GLOBAL_ACCENT_COLOR_NAME = AccentColor;
				CODE_SIGN_STYLE = Automatic;
				DEVELOPMENT_ASSET_PATHS = "\"ToDoList/Preview Content\"";
				ENABLE_PREVIEWS = YES;
				INFOPLIST_FILE = ToDoList/Info.plist;
				IPHONEOS_DEPLOYMENT_TARGET = 14.0;
				LD_RUNPATH_SEARCH_PATHS = (
					"$(inherited)",
					"@executable_path/Frameworks",
				);
				PRODUCT_BUNDLE_IDENTIFIER = com.shark1216.ToDoList;
				PRODUCT_NAME = "$(TARGET_NAME)";
				SWIFT_VERSION = 5.0;
				TARGETED_DEVICE_FAMILY = "1,2";
			};
			name = Debug;
		};
		DACE45942589D8BF00A7788A /* Release */ = {
			isa = XCBuildConfiguration;
			buildSettings = {
				ASSETCATALOG_COMPILER_APPICON_NAME = AppIcon;
				ASSETCATALOG_COMPILER_GLOBAL_ACCENT_COLOR_NAME = AccentColor;
				CODE_SIGN_STYLE = Automatic;
				DEVELOPMENT_ASSET_PATHS = "\"ToDoList/Preview Content\"";
				ENABLE_PREVIEWS = YES;
				INFOPLIST_FILE = ToDoList/Info.plist;
				IPHONEOS_DEPLOYMENT_TARGET = 14.0;
				LD_RUNPATH_SEARCH_PATHS = (
					"$(inherited)",
					"@executable_path/Frameworks",
				);
				PRODUCT_BUNDLE_IDENTIFIER = com.shark1216.ToDoList;
				PRODUCT_NAME = "$(TARGET_NAME)";
				SWIFT_VERSION = 5.0;
				TARGETED_DEVICE_FAMILY = "1,2";
			};
			name = Release;
		};
		DACE45962589D8BF00A7788A /* Debug */ = {
			isa = XCBuildConfiguration;
			buildSettings = {
				ALWAYS_EMBED_SWIFT_STANDARD_LIBRARIES = YES;
				BUNDLE_LOADER = "$(TEST_HOST)";
				CODE_SIGN_STYLE = Automatic;
				INFOPLIST_FILE = ToDoListTests/Info.plist;
				IPHONEOS_DEPLOYMENT_TARGET = 14.0;
				LD_RUNPATH_SEARCH_PATHS = (
					"$(inherited)",
					"@executable_path/Frameworks",
					"@loader_path/Frameworks",
				);
				PRODUCT_BUNDLE_IDENTIFIER = com.shark1216.ToDoListTests;
				PRODUCT_NAME = "$(TARGET_NAME)";
				SWIFT_VERSION = 5.0;
				TARGETED_DEVICE_FAMILY = "1,2";
				TEST_HOST = "$(BUILT_PRODUCTS_DIR)/ToDoList.app/ToDoList";
			};
			name = Debug;
		};
		DACE45972589D8BF00A7788A /* Release */ = {
			isa = XCBuildConfiguration;
			buildSettings = {
				ALWAYS_EMBED_SWIFT_STANDARD_LIBRARIES = YES;
				BUNDLE_LOADER = "$(TEST_HOST)";
				CODE_SIGN_STYLE = Automatic;
				INFOPLIST_FILE = ToDoListTests/Info.plist;
				IPHONEOS_DEPLOYMENT_TARGET = 14.0;
				LD_RUNPATH_SEARCH_PATHS = (
					"$(inherited)",
					"@executable_path/Frameworks",
					"@loader_path/Frameworks",
				);
				PRODUCT_BUNDLE_IDENTIFIER = com.shark1216.ToDoListTests;
				PRODUCT_NAME = "$(TARGET_NAME)";
				SWIFT_VERSION = 5.0;
				TARGETED_DEVICE_FAMILY = "1,2";
				TEST_HOST = "$(BUILT_PRODUCTS_DIR)/ToDoList.app/ToDoList";
			};
			name = Release;
		};
		DACE45992589D8BF00A7788A /* Debug */ = {
			isa = XCBuildConfiguration;
			buildSettings = {
				ALWAYS_EMBED_SWIFT_STANDARD_LIBRARIES = YES;
				CODE_SIGN_STYLE = Automatic;
				INFOPLIST_FILE = ToDoListUITests/Info.plist;
				LD_RUNPATH_SEARCH_PATHS = (
					"$(inherited)",
					"@executable_path/Frameworks",
					"@loader_path/Frameworks",
				);
				PRODUCT_BUNDLE_IDENTIFIER = com.shark1216.ToDoListUITests;
				PRODUCT_NAME = "$(TARGET_NAME)";
				SWIFT_VERSION = 5.0;
				TARGETED_DEVICE_FAMILY = "1,2";
				TEST_TARGET_NAME = ToDoList;
			};
			name = Debug;
		};
		DACE459A2589D8BF00A7788A /* Release */ = {
			isa = XCBuildConfiguration;
			buildSettings = {
				ALWAYS_EMBED_SWIFT_STANDARD_LIBRARIES = YES;
				CODE_SIGN_STYLE = Automatic;
				INFOPLIST_FILE = ToDoListUITests/Info.plist;
				LD_RUNPATH_SEARCH_PATHS = (
					"$(inherited)",
					"@executable_path/Frameworks",
					"@loader_path/Frameworks",
				);
				PRODUCT_BUNDLE_IDENTIFIER = com.shark1216.ToDoListUITests;
				PRODUCT_NAME = "$(TARGET_NAME)";
				SWIFT_VERSION = 5.0;
				TARGETED_DEVICE_FAMILY = "1,2";
				TEST_TARGET_NAME = ToDoList;
			};
			name = Release;
		};
/* End XCBuildConfiguration section */

/* Begin XCConfigurationList section */
		DACE45682589D8BE00A7788A /* Build configuration list for PBXProject "ToDoList" */ = {
			isa = XCConfigurationList;
			buildConfigurations = (
				DACE45902589D8BF00A7788A /* Debug */,
				DACE45912589D8BF00A7788A /* Release */,
			);
			defaultConfigurationIsVisible = 0;
			defaultConfigurationName = Release;
		};
		DACE45922589D8BF00A7788A /* Build configuration list for PBXNativeTarget "ToDoList" */ = {
			isa = XCConfigurationList;
			buildConfigurations = (
				DACE45932589D8BF00A7788A /* Debug */,
				DACE45942589D8BF00A7788A /* Release */,
			);
			defaultConfigurationIsVisible = 0;
			defaultConfigurationName = Release;
		};
		DACE45952589D8BF00A7788A /* Build configuration list for PBXNativeTarget "ToDoListTests" */ = {
			isa = XCConfigurationList;
			buildConfigurations = (
				DACE45962589D8BF00A7788A /* Debug */,
				DACE45972589D8BF00A7788A /* Release */,
			);
			defaultConfigurationIsVisible = 0;
			defaultConfigurationName = Release;
		};
		DACE45982589D8BF00A7788A /* Build configuration list for PBXNativeTarget "ToDoListUITests" */ = {
			isa = XCConfigurationList;
			buildConfigurations = (
				DACE45992589D8BF00A7788A /* Debug */,
				DACE459A2589D8BF00A7788A /* Release */,
			);
			defaultConfigurationIsVisible = 0;
			defaultConfigurationName = Release;
		};
/* End XCConfigurationList section */
	};
	rootObject = DACE45652589D8BE00A7788A /* Project object */;
}
